
Microsoft Visual Studio Solution File, Format Version 12.00
# Visual Studio Version 17
VisualStudioVersion = 17.5.33627.172
MinimumVisualStudioVersion = 10.0.40219.1
Project("{FAE04EC0-301F-11D3-BF4B-00C04F79EFBC}") = "Sage50API", "Sage50API\Sage50API.csproj", "{70322396-7745-4E52-8126-94A97D24A0B4}"
EndProject
Global
	GlobalSection(SolutionConfigurationPlatforms) = preSolution
		Debug|Any CPU = Debug|Any CPU
		Debug|x86 = Debug|x86
		Release|Any CPU = Release|Any CPU
		Release|x86 = Release|x86
	EndGlobalSection
	GlobalSection(ProjectConfigurationPlatforms) = postSolution
		{70322396-7745-4E52-8126-94A97D24A0B4}.Debug|Any CPU.ActiveCfg = Debug|Any CPU
		{70322396-7745-4E52-8126-94A97D24A0B4}.Debug|Any CPU.Build.0 = Debug|Any CPU
		{70322396-7745-4E52-8126-94A97D24A0B4}.Debug|x86.ActiveCfg = Debug|x86
		{70322396-7745-4E52-8126-94A97D24A0B4}.Debug|x86.Build.0 = Debug|x86
		{70322396-7745-4E52-8126-94A97D24A0B4}.Release|Any CPU.ActiveCfg = Release|Any CPU
		{70322396-7745-4E52-8126-94A97D24A0B4}.Release|Any CPU.Build.0 = Release|Any CPU
		{70322396-7745-4E52-8126-94A97D24A0B4}.Release|x86.ActiveCfg = Release|x86
		{70322396-7745-4E52-8126-94A97D24A0B4}.Release|x86.Build.0 = Release|x86
	EndGlobalSection
	GlobalSection(SolutionProperties) = preSolution
		HideSolutionNode = FALSE
	EndGlobalSection
	GlobalSection(ExtensibilityGlobals) = postSolution
		SolutionGuid = {82E3EF20-5B87-441D-AEAB-D6209CBB0C4C}
	EndGlobalSection
EndGlobal
